
Microsoft Visual Studio Solution File, Format Version 12.00
# Visual Studio Version 16
VisualStudioVersion = 16.0.31112.23
MinimumVisualStudioVersion = 10.0.40219.1
Project("{FAE04EC0-301F-11D3-BF4B-00C04F79EFBC}") = "efTutorialCore", "efTutorialCore.csproj", "{3F747F70-AA2F-4651-9D27-1630CFDD6D19}"
EndProject
Global
	GlobalSection(SolutionConfigurationPlatforms) = preSolution
		Debug|Any CPU = Debug|Any CPU
		Release|Any CPU = Release|Any CPU
	EndGlobalSection
	GlobalSection(ProjectConfigurationPlatforms) = postSolution
		{3F747F70-AA2F-4651-9D27-1630CFDD6D19}.Debug|Any CPU.ActiveCfg = Debug|Any CPU
		{3F747F70-AA2F-4651-9D27-1630CFDD6D19}.Debug|Any CPU.Build.0 = Debug|Any CPU
		{3F747F70-AA2F-4651-9D27-1630CFDD6D19}.Release|Any CPU.ActiveCfg = Release|Any CPU
		{3F747F70-AA2F-4651-9D27-1630CFDD6D19}.Release|Any CPU.Build.0 = Release|Any CPU
	EndGlobalSection
	GlobalSection(SolutionProperties) = preSolution
		HideSolutionNode = FALSE
	EndGlobalSection
	GlobalSection(ExtensibilityGlobals) = postSolution
		SolutionGuid = {FB9E47DF-7699-4673-8413-6DF81AB34472}
	EndGlobalSection
EndGlobal
